PODS:
  - IHKeyboardAvoiding (4.6)
  - SnapKit (5.0.0)
  - Yoga (1.14.0)
  - YogaKit (1.14.0):
    - Yoga (~> 1.14)

DEPENDENCIES:
  - IHKeyboardAvoiding (= 4.6)
  - SnapKit (= 5.0.0)
  - YogaKit (= 1.14.0)

SPEC REPOS:
  https://github.com/cocoapods/specs.git:
    - IHKeyboardAvoiding
    - SnapKit
    - Yoga
    - YogaKit

SPEC CHECKSUMS:
  IHKeyboardAvoiding: 2a664fdb5f964359fa7ec8fc5c9aebb447583ff8
  SnapKit: fd22d10eb9aff484d79a8724eab922c1ddf89bcf
  Yoga: cff67a400f6b74dc38eb0bad4f156673d9aa980c
  YogaKit: 5d1dc899cecd5946e5a758a0c3997704a4b48d01

PODFILE CHECKSUM: 833dc2cffe65be419716e77e2de509ba4ace6543

COCOAPODS: 1.5.3
